
Microsoft Visual Studio Solution File, Format Version 12.00
# Visual Studio Version 16
VisualStudioVersion = 16.0.29215.179
MinimumVisualStudioVersion = 10.0.40219.1
Project("{FAE04EC0-301F-11D3-BF4B-00C04F79EFBC}") = "WebApplication8", "WebApplication8\WebApplication8.csproj", "{882FC82A-2CEE-4B1C-B424-92FBEF1E148C}"
EndProject
Global
	GlobalSection(SolutionConfigurationPlatforms) = preSolution
		Debug|Any CPU = Debug|Any CPU
		Release|Any CPU = Release|Any CPU
	EndGlobalSection
	GlobalSection(ProjectConfigurationPlatforms) = postSolution
		{882FC82A-2CEE-4B1C-B424-92FBEF1E148C}.Debug|Any CPU.ActiveCfg = Debug|Any CPU
		{882FC82A-2CEE-4B1C-B424-92FBEF1E148C}.Debug|Any CPU.Build.0 = Debug|Any CPU
		{882FC82A-2CEE-4B1C-B424-92FBEF1E148C}.Release|Any CPU.ActiveCfg = Release|Any CPU
		{882FC82A-2CEE-4B1C-B424-92FBEF1E148C}.Release|Any CPU.Build.0 = Release|Any CPU
	EndGlobalSection
	GlobalSection(SolutionProperties) = preSolution
		HideSolutionNode = FALSE
	EndGlobalSection
	GlobalSection(ExtensibilityGlobals) = postSolution
		SolutionGuid = {1B01ABA3-22AD-4E46-B748-2DCB1048E839}
	EndGlobalSection
EndGlobal
